
Microsoft Visual Studio Solution File, Format Version 12.00
# Visual Studio 15
VisualStudioVersion = 15.0.28307.329
MinimumVisualStudioVersion = 10.0.40219.1
Project("{FAE04EC0-301F-11D3-BF4B-00C04F79EFBC}") = "MunicipalityProject", "MunicipalityProject\MunicipalityProject.csproj", "{49E9071E-A834-4A58-AED9-6FDC64C6FEBF}"
EndProject
Global
	GlobalSection(SolutionConfigurationPlatforms) = preSolution
		Debug|Any CPU = Debug|Any CPU
		Release|Any CPU = Release|Any CPU
	EndGlobalSection
	GlobalSection(ProjectConfigurationPlatforms) = postSolution
		{49E9071E-A834-4A58-AED9-6FDC64C6FEBF}.Debug|Any CPU.ActiveCfg = Debug|Any CPU
		{49E9071E-A834-4A58-AED9-6FDC64C6FEBF}.Debug|Any CPU.Build.0 = Debug|Any CPU
		{49E9071E-A834-4A58-AED9-6FDC64C6FEBF}.Release|Any CPU.ActiveCfg = Release|Any CPU
		{49E9071E-A834-4A58-AED9-6FDC64C6FEBF}.Release|Any CPU.Build.0 = Release|Any CPU
	EndGlobalSection
	GlobalSection(SolutionProperties) = preSolution
		HideSolutionNode = FALSE
	EndGlobalSection
	GlobalSection(ExtensibilityGlobals) = postSolution
		SolutionGuid = {B3FD6D99-90BB-416C-9ED6-B9CE0C8B9068}
	EndGlobalSection
EndGlobal
